
Microsoft Visual Studio Solution File, Format Version 12.00
# Visual Studio Version 17
VisualStudioVersion = 17.4.33213.308
MinimumVisualStudioVersion = 10.0.40219.1
Project("{FAE04EC0-301F-11D3-BF4B-00C04F79EFBC}") = "307_AutQuiz", "307_AutQuiz\307_AutQuiz.csproj", "{94CBAADA-2DAC-4575-8D51-32DCC9FDE301}"
EndProject
Global
	GlobalSection(SolutionConfigurationPlatforms) = preSolution
		Debug|Any CPU = Debug|Any CPU
		Release|Any CPU = Release|Any CPU
	EndGlobalSection
	GlobalSection(ProjectConfigurationPlatforms) = postSolution
		{94CBAADA-2DAC-4575-8D51-32DCC9FDE301}.Debug|Any CPU.ActiveCfg = Debug|Any CPU
		{94CBAADA-2DAC-4575-8D51-32DCC9FDE301}.Debug|Any CPU.Build.0 = Debug|Any CPU
		{94CBAADA-2DAC-4575-8D51-32DCC9FDE301}.Release|Any CPU.ActiveCfg = Release|Any CPU
		{94CBAADA-2DAC-4575-8D51-32DCC9FDE301}.Release|Any CPU.Build.0 = Release|Any CPU
	EndGlobalSection
	GlobalSection(SolutionProperties) = preSolution
		HideSolutionNode = FALSE
	EndGlobalSection
	GlobalSection(ExtensibilityGlobals) = postSolution
		SolutionGuid = {7A65E0E9-ED8B-49E9-9E22-9FB1431D070D}
	EndGlobalSection
EndGlobal
